
Microsoft Visual Studio Solution File, Format Version 12.00
# Visual Studio Version 16
VisualStudioVersion = 16.0.31424.327
MinimumVisualStudioVersion = 10.0.40219.1
Project("{FAE04EC0-301F-11D3-BF4B-00C04F79EFBC}") = "StepChallenge", "StepChallenge\StepChallenge.csproj", "{38407BBA-C833-48A9-9EDE-ABDC25252BEB}"
EndProject
Project("{FAE04EC0-301F-11D3-BF4B-00C04F79EFBC}") = "TestProject1", "TestProject1\TestProject1.csproj", "{ED8EACD5-F9EF-4B86-AED2-3B60130F5DF4}"
EndProject
Global
	GlobalSection(SolutionConfigurationPlatforms) = preSolution
		Debug|Any CPU = Debug|Any CPU
		Release|Any CPU = Release|Any CPU
	EndGlobalSection
	GlobalSection(ProjectConfigurationPlatforms) = postSolution
		{38407BBA-C833-48A9-9EDE-ABDC25252BEB}.Debug|Any CPU.ActiveCfg = Debug|Any CPU
		{38407BBA-C833-48A9-9EDE-ABDC25252BEB}.Debug|Any CPU.Build.0 = Debug|Any CPU
		{38407BBA-C833-48A9-9EDE-ABDC25252BEB}.Release|Any CPU.ActiveCfg = Release|Any CPU
		{38407BBA-C833-48A9-9EDE-ABDC25252BEB}.Release|Any CPU.Build.0 = Release|Any CPU
		{ED8EACD5-F9EF-4B86-AED2-3B60130F5DF4}.Debug|Any CPU.ActiveCfg = Debug|Any CPU
		{ED8EACD5-F9EF-4B86-AED2-3B60130F5DF4}.Debug|Any CPU.Build.0 = Debug|Any CPU
		{ED8EACD5-F9EF-4B86-AED2-3B60130F5DF4}.Release|Any CPU.ActiveCfg = Release|Any CPU
		{ED8EACD5-F9EF-4B86-AED2-3B60130F5DF4}.Release|Any CPU.Build.0 = Release|Any CPU
	EndGlobalSection
	GlobalSection(SolutionProperties) = preSolution
		HideSolutionNode = FALSE
	EndGlobalSection
	GlobalSection(ExtensibilityGlobals) = postSolution
		SolutionGuid = {83534EBC-0A4E-47A8-AC9D-4D7E64EAE11F}
	EndGlobalSection
EndGlobal
